
Microsoft Visual Studio Solution File, Format Version 12.00
# Visual Studio 15
VisualStudioVersion = 15.0.27130.2027
MinimumVisualStudioVersion = 10.0.40219.1
Project("{9A19103F-16F7-4668-BE54-9A1E7A4F7556}") = "Scalesoft.WPF.Helpers", "Scalesoft.WPF.Helpers\Scalesoft.WPF.Helpers.csproj", "{0708871A-8346-4269-9867-EDA435B49606}"
EndProject
Project("{FAE04EC0-301F-11D3-BF4B-00C04F79EFBC}") = "Scalesoft.WPF.Navigation", "Scalesoft.WPF.Navigation\Scalesoft.WPF.Navigation.csproj", "{4648BF56-23EE-4F06-BF40-9F8E2E34BC85}"
EndProject
Global
	GlobalSection(SolutionConfigurationPlatforms) = preSolution
		Debug|Any CPU = Debug|Any CPU
		Release|Any CPU = Release|Any CPU
	EndGlobalSection
	GlobalSection(ProjectConfigurationPlatforms) = postSolution
		{0708871A-8346-4269-9867-EDA435B49606}.Debug|Any CPU.ActiveCfg = Debug|Any CPU
		{0708871A-8346-4269-9867-EDA435B49606}.Debug|Any CPU.Build.0 = Debug|Any CPU
		{0708871A-8346-4269-9867-EDA435B49606}.Release|Any CPU.ActiveCfg = Release|Any CPU
		{0708871A-8346-4269-9867-EDA435B49606}.Release|Any CPU.Build.0 = Release|Any CPU
		{4648BF56-23EE-4F06-BF40-9F8E2E34BC85}.Debug|Any CPU.ActiveCfg = Debug|Any CPU
		{4648BF56-23EE-4F06-BF40-9F8E2E34BC85}.Debug|Any CPU.Build.0 = Debug|Any CPU
		{4648BF56-23EE-4F06-BF40-9F8E2E34BC85}.Release|Any CPU.ActiveCfg = Release|Any CPU
		{4648BF56-23EE-4F06-BF40-9F8E2E34BC85}.Release|Any CPU.Build.0 = Release|Any CPU
	EndGlobalSection
	GlobalSection(SolutionProperties) = preSolution
		HideSolutionNode = FALSE
	EndGlobalSection
	GlobalSection(ExtensibilityGlobals) = postSolution
		SolutionGuid = {ABF9B9F1-76CD-4629-AB9E-8E3F1CABE1D8}
	EndGlobalSection
EndGlobal
